// !$*UTF8*$!
{
	archiveVersion = 1;
	classes = {
	};
	objectVersion = 46;
	objects = {

/* Begin PBXBuildFile section */
		E711F3B21A7934F900B68B29 /* TextViewController.swift in Sources */ = {isa = PBXBuildFile; fileRef = E711F3B11A7934F900B68B29 /* TextViewController.swift */; };
		E711F3B51A7937F400B68B29 /* Quest.swift in Sources */ = {isa = PBXBuildFile; fileRef = E711F3B31A7937F400B68B29 /* Quest.swift */; };
		E711F3B61A7937F400B68B29 /* QuestData.swift in Sources */ = {isa = PBXBuildFile; fileRef = E711F3B41A7937F400B68B29 /* QuestData.swift */; };
		E7BE7A091A92826D0022EADC /* SettingsTableViewController.swift in Sources */ = {isa = PBXBuildFile; fileRef = E7BE7A081A92826D0022EADC /* SettingsTableViewController.swift */; };
		E7F055A31A76A4C100459D21 /* AppDelegate.swift in Sources */ = {isa = PBXBuildFile; fileRef = E7F055A21A76A4C100459D21 /* AppDelegate.swift */; };
		E7F055A81A76A4C100459D21 /* Main.storyboard in Resources */ = {isa = PBXBuildFile; fileRef = E7F055A61A76A4C100459D21 /* Main.storyboard */; };
		E7F055AA1A76A4C100459D21 /* Images.xcassets in Resources */ = {isa = PBXBuildFile; fileRef = E7F055A91A76A4C100459D21 /* Images.xcassets */; };
		E7F055AD1A76A4C100459D21 /* LaunchScreen.xib in Resources */ = {isa = PBXBuildFile; fileRef = E7F055AB1A76A4C100459D21 /* LaunchScreen.xib */; };
		E7F055B91A76A4C100459D21 /* QuestForJoyTests.swift in Sources */ = {isa = PBXBuildFile; fileRef = E7F055B81A76A4C100459D21 /* QuestForJoyTests.swift */; };
		E7F055C51A76A5EF00459D21 /* QuestForJoyTableViewController.swift in Sources */ = {isa = PBXBuildFile; fileRef = E7F055C41A76A5EF00459D21 /* QuestForJoyTableViewController.swift */; };
/* End PBXBuildFile section */

/* Begin PBXContainerItemProxy section */
		E7F055B31A76A4C100459D21 /* PBXContainerItemProxy */ = {
			isa = PBXContainerItemProxy;
			containerPortal = E7F055951A76A4C100459D21 /* Project object */;
			proxyType = 1;
			remoteGlobalIDString = E7F0559C1A76A4C100459D21;
			remoteInfo = QuestForJoy;
		};
/* End PBXContainerItemProxy section */

/* Begin PBXFileReference section */
		E711F3B11A7934F900B68B29 /* TextViewController.swift */ = {isa = PBXFileReference; fileEncoding = 4; lastKnownFileType = sourcecode.swift; path = TextViewController.swift; sourceTree = "<group>"; };
		E711F3B31A7937F400B68B29 /* Quest.swift */ = {isa = PBXFileReference; fileEncoding = 4; lastKnownFileType = sourcecode.swift; path = Quest.swift; sourceTree = "<group>"; };
		E711F3B41A7937F400B68B29 /* QuestData.swift */ = {isa = PBXFileReference; fileEncoding = 4; lastKnownFileType = sourcecode.swift; path = QuestData.swift; sourceTree = "<group>"; };
		E7BE7A081A92826D0022EADC /* SettingsTableViewController.swift */ = {isa = PBXFileReference; fileEncoding = 4; lastKnownFileType = sourcecode.swift; path = SettingsTableViewController.swift; sourceTree = "<group>"; };
		E7F0559D1A76A4C100459D21 /* QuestForJoy.app */ = {isa = PBXFileReference; explicitFileType = wrapper.application; includeInIndex = 0; path = QuestForJoy.app; sourceTree = BUILT_PRODUCTS_DIR; };
		E7F055A11A76A4C100459D21 /* Info.plist */ = {isa = PBXFileReference; lastKnownFileType = text.plist.xml; path = Info.plist; sourceTree = "<group>"; };
		E7F055A21A76A4C100459D21 /* AppDelegate.swift */ = {isa = PBXFileReference; lastKnownFileType = sourcecode.swift; path = AppDelegate.swift; sourceTree = "<group>"; };
		E7F055A71A76A4C100459D21 /* Base */ = {isa = PBXFileReference; lastKnownFileType = file.storyboard; name = Base; path = Base.lproj/Main.storyboard; sourceTree = "<group>"; };
		E7F055A91A76A4C100459D21 /* Images.xcassets */ = {isa = PBXFileReference; lastKnownFileType = folder.assetcatalog; path = Images.xcassets; sourceTree = "<group>"; };
		E7F055AC1A76A4C100459D21 /* Base */ = {isa = PBXFileReference; lastKnownFileType = file.xib; name = Base; path = Base.lproj/LaunchScreen.xib; sourceTree = "<group>"; };
		E7F055B21A76A4C100459D21 /* QuestForJoyTests.xctest */ = {isa = PBXFileReference; explicitFileType = wrapper.cfbundle; includeInIndex = 0; path = QuestForJoyTests.xctest; sourceTree = BUILT_PRODUCTS_DIR; };
		E7F055B71A76A4C100459D21 /* Info.plist */ = {isa = PBXFileReference; lastKnownFileType = text.plist.xml; path = Info.plist; sourceTree = "<group>"; };
		E7F055B81A76A4C100459D21 /* QuestForJoyTests.swift */ = {isa = PBXFileReference; lastKnownFileType = sourcecode.swift; path = QuestForJoyTests.swift; sourceTree = "<group>"; };
		E7F055C41A76A5EF00459D21 /* QuestForJoyTableViewController.swift */ = {isa = PBXFileReference; fileEncoding = 4; lastKnownFileType = sourcecode.swift; path = QuestForJoyTableViewController.swift; sourceTree = "<group>"; };
/* End PBXFileReference section */

/* Begin PBXFrameworksBuildPhase section */
		E7F0559A1A76A4C100459D21 /* Frameworks */ = {
			isa = PBXFrameworksBuildPhase;
			buildActionMask = 2147483647;
			files = (
			);
			runOnlyForDeploymentPostprocessing = 0;
		};
		E7F055AF1A76A4C100459D21 /* Frameworks */ = {
			isa = PBXFrameworksBuildPhase;
			buildActionMask = 2147483647;
			files = (
			);
			runOnlyForDeploymentPostprocessing = 0;
		};
/* End PBXFrameworksBuildPhase section */

/* Begin PBXGroup section */
		E7F055941A76A4C100459D21 = {
			isa = PBXGroup;
			children = (
				E7F0559F1A76A4C100459D21 /* QuestForJoy */,
				E7F055B51A76A4C100459D21 /* QuestForJoyTests */,
				E7F0559E1A76A4C100459D21 /* Products */,
			);
			sourceTree = "<group>";
		};
		E7F0559E1A76A4C100459D21 /* Products */ = {
			isa = PBXGroup;
			children = (
				E7F0559D1A76A4C100459D21 /* QuestForJoy.app */,
				E7F055B21A76A4C100459D21 /* QuestForJoyTests.xctest */,
			);
			name = Products;
			sourceTree = "<group>";
		};
		E7F0559F1A76A4C100459D21 /* QuestForJoy */ = {
			isa = PBXGroup;
			children = (
				E7F055A21A76A4C100459D21 /* AppDelegate.swift */,
				E7F055A61A76A4C100459D21 /* Main.storyboard */,
				E7F055C41A76A5EF00459D21 /* QuestForJoyTableViewController.swift */,
				E711F3B11A7934F900B68B29 /* TextViewController.swift */,
				E7BE7A081A92826D0022EADC /* SettingsTableViewController.swift */,
				E711F3B31A7937F400B68B29 /* Quest.swift */,
				E711F3B41A7937F400B68B29 /* QuestData.swift */,
				E7F055A91A76A4C100459D21 /* Images.xcassets */,
				E7F055AB1A76A4C100459D21 /* LaunchScreen.xib */,
				E7F055A01A76A4C100459D21 /* Supporting Files */,
			);
			path = QuestForJoy;
			sourceTree = "<group>";
		};
		E7F055A01A76A4C100459D21 /* Supporting Files */ = {
			isa = PBXGroup;
			children = (
				E7F055A11A76A4C100459D21 /* Info.plist */,
			);
			name = "Supporting Files";
			sourceTree = "<group>";
		};
		E7F055B51A76A4C100459D21 /* QuestForJoyTests */ = {
			isa = PBXGroup;
			children = (
				E7F055B81A76A4C100459D21 /* QuestForJoyTests.swift */,
				E7F055B61A76A4C100459D21 /* Supporting Files */,
			);
			path = QuestForJoyTests;
			sourceTree = "<group>";
		};
		E7F055B61A76A4C100459D21 /* Supporting Files */ = {
			isa = PBXGroup;
			children = (
				E7F055B71A76A4C100459D21 /* Info.plist */,
			);
			name = "Supporting Files";
			sourceTree = "<group>";
		};
/* End PBXGroup section */

/* Begin PBXNativeTarget section */
		E7F0559C1A76A4C100459D21 /* QuestForJoy */ = {
			isa = PBXNativeTarget;
			buildConfigurationList = E7F055BC1A76A4C100459D21 /* Build configuration list for PBXNativeTarget "QuestForJoy" */;
			buildPhases = (
				E7F055991A76A4C100459D21 /* Sources */,
				E7F0559A1A76A4C100459D21 /* Frameworks */,
				E7F0559B1A76A4C100459D21 /* Resources */,
			);
			buildRules = (
			);
			dependencies = (
			);
			name = QuestForJoy;
			productName = QuestForJoy;
			productReference = E7F0559D1A76A4C100459D21 /* QuestForJoy.app */;
			productType = "com.apple.product-type.application";
		};
		E7F055B11A76A4C100459D21 /* QuestForJoyTests */ = {
			isa = PBXNativeTarget;
			buildConfigurationList = E7F055BF1A76A4C100459D21 /* Build configuration list for PBXNativeTarget "QuestForJoyTests" */;
			buildPhases = (
				E7F055AE1A76A4C100459D21 /* Sources */,
				E7F055AF1A76A4C100459D21 /* Frameworks */,
				E7F055B01A76A4C100459D21 /* Resources */,
			);
			buildRules = (
			);
			dependencies = (
				E7F055B41A76A4C100459D21 /* PBXTargetDependency */,
			);
			name = QuestForJoyTests;
			productName = QuestForJoyTests;
			productReference = E7F055B21A76A4C100459D21 /* QuestForJoyTests.xctest */;
			productType = "com.apple.product-type.bundle.unit-test";
		};
/* End PBXNativeTarget section */

/* Begin PBXProject section */
		E7F055951A76A4C100459D21 /* Project object */ = {
			isa = PBXProject;
			attributes = {
				LastUpgradeCheck = 0610;
				ORGANIZATIONNAME = "Stephen Winje";
				TargetAttributes = {
					E7F0559C1A76A4C100459D21 = {
						CreatedOnToolsVersion = 6.1.1;
						DevelopmentTeam = SLWYW2X927;
					};
					E7F055B11A76A4C100459D21 = {
						CreatedOnToolsVersion = 6.1.1;
						TestTargetID = E7F0559C1A76A4C100459D21;
					};
				};
			};
			buildConfigurationList = E7F055981A76A4C100459D21 /* Build configuration list for PBXProject "QuestForJoy" */;
			compatibilityVersion = "Xcode 3.2";
			developmentRegion = English;
			hasScannedForEncodings = 0;
			knownRegions = (
				en,
				Base,
			);
			mainGroup = E7F055941A76A4C100459D21;
			productRefGroup = E7F0559E1A76A4C100459D21 /* Products */;
			projectDirPath = "";
			projectRoot = "";
			targets = (
				E7F0559C1A76A4C100459D21 /* QuestForJoy */,
				E7F055B11A76A4C100459D21 /* QuestForJoyTests */,
			);
		};
/* End PBXProject section */

/* Begin PBXResourcesBuildPhase section */
		E7F0559B1A76A4C100459D21 /* Resources */ = {
			isa = PBXResourcesBuildPhase;
			buildActionMask = 2147483647;
			files = (
				E7F055A81A76A4C100459D21 /* Main.storyboard in Resources */,
				E7F055AD1A76A4C100459D21 /* LaunchScreen.xib in Resources */,
				E7F055AA1A76A4C100459D21 /* Images.xcassets in Resources */,
			);
			runOnlyForDeploymentPostprocessing = 0;
		};
		E7F055B01A76A4C100459D21 /* Resources */ = {
			isa = PBXResourcesBuildPhase;
			buildActionMask = 2147483647;
			files = (
			);
			runOnlyForDeploymentPostprocessing = 0;
		};
/* End PBXResourcesBuildPhase section */

/* Begin PBXSourcesBuildPhase section */
		E7F055991A76A4C100459D21 /* Sources */ = {
			isa = PBXSourcesBuildPhase;
			buildActionMask = 2147483647;
			files = (
				E711F3B61A7937F400B68B29 /* QuestData.swift in Sources */,
				E711F3B51A7937F400B68B29 /* Quest.swift in Sources */,
				E7BE7A091A92826D0022EADC /* SettingsTableViewController.swift in Sources */,
				E7F055A31A76A4C100459D21 /* AppDelegate.swift in Sources */,
				E7F055C51A76A5EF00459D21 /* QuestForJoyTableViewController.swift in Sources */,
				E711F3B21A7934F900B68B29 /* TextViewController.swift in Sources */,
			);
			runOnlyForDeploymentPostprocessing = 0;
		};
		E7F055AE1A76A4C100459D21 /* Sources */ = {
			isa = PBXSourcesBuildPhase;
			buildActionMask = 2147483647;
			files = (
				E7F055B91A76A4C100459D21 /* QuestForJoyTests.swift in Sources */,
			);
			runOnlyForDeploymentPostprocessing = 0;
		};
/* End PBXSourcesBuildPhase section */

/* Begin PBXTargetDependency section */
		E7F055B41A76A4C100459D21 /* PBXTargetDependency */ = {
			isa = PBXTargetDependency;
			target = E7F0559C1A76A4C100459D21 /* QuestForJoy */;
			targetProxy = E7F055B31A76A4C100459D21 /* PBXContainerItemProxy */;
		};
/* End PBXTargetDependency section */

/* Begin PBXVariantGroup section */
		E7F055A61A76A4C100459D21 /* Main.storyboard */ = {
			isa = PBXVariantGroup;
			children = (
				E7F055A71A76A4C100459D21 /* Base */,
			);
			name = Main.storyboard;
			sourceTree = "<group>";
		};
		E7F055AB1A76A4C100459D21 /* LaunchScreen.xib */ = {
			isa = PBXVariantGroup;
			children = (
				E7F055AC1A76A4C100459D21 /* Base */,
			);
			name = LaunchScreen.xib;
			sourceTree = "<group>";
		};
/* End PBXVariantGroup section */

/* Begin XCBuildConfiguration section */
		E7F055BA1A76A4C100459D21 /* Debug */ = {
			isa = XCBuildConfiguration;
			buildSettings = {
				ALWAYS_SEARCH_USER_PATHS = NO;
				CLANG_CXX_LANGUAGE_STANDARD = "gnu++0x";
				CLANG_CXX_LIBRARY = "libc++";
				CLANG_ENABLE_MODULES = YES;
				CLANG_ENABLE_OBJC_ARC = YES;
				CLANG_WARN_BOOL_CONVERSION = YES;
				CLANG_WARN_CONSTANT_CONVERSION = YES;
				CLANG_WARN_DIRECT_OBJC_ISA_USAGE = YES_ERROR;
				CLANG_WARN_EMPTY_BODY = YES;
				CLANG_WARN_ENUM_CONVERSION = YES;
				CLANG_WARN_INT_CONVERSION = YES;
				CLANG_WARN_OBJC_ROOT_CLASS = YES_ERROR;
				CLANG_WARN_UNREACHABLE_CODE = YES;
				CLANG_WARN__DUPLICATE_METHOD_MATCH = YES;
				"CODE_SIGN_IDENTITY[sdk=iphoneos*]" = "iPhone Developer";
				COPY_PHASE_STRIP = NO;
				ENABLE_STRICT_OBJC_MSGSEND = YES;
				GCC_C_LANGUAGE_STANDARD = gnu99;
				GCC_DYNAMIC_NO_PIC = NO;
				GCC_OPTIMIZATION_LEVEL = 0;
				GCC_PREPROCESSOR_DEFINITIONS = (
					"DEBUG=1",
					"$(inherited)",
				);
				GCC_SYMBOLS_PRIVATE_EXTERN = NO;
				GCC_WARN_64_TO_32_BIT_CONVERSION = YES;
				GCC_WARN_ABOUT_RETURN_TYPE = YES_ERROR;
				GCC_WARN_UNDECLARED_SELECTOR = YES;
				GCC_WARN_UNINITIALIZED_AUTOS = YES_AGGRESSIVE;
				GCC_WARN_UNUSED_FUNCTION = YES;
				GCC_WARN_UNUSED_VARIABLE = YES;
				IPHONEOS_DEPLOYMENT_TARGET = 8.1;
				MTL_ENABLE_DEBUG_INFO = YES;
				ONLY_ACTIVE_ARCH = YES;
				SDKROOT = iphoneos;
				SWIFT_OPTIMIZATION_LEVEL = "-Onone";
				TARGETED_DEVICE_FAMILY = "1,2";
			};
			name = Debug;
		};
		E7F055BB1A76A4C100459D21 /* Release */ = {
			isa = XCBuildConfiguration;
			buildSettings = {
				ALWAYS_SEARCH_USER_PATHS = NO;
				CLANG_CXX_LANGUAGE_STANDARD = "gnu++0x";
				CLANG_CXX_LIBRARY = "libc++";
				CLANG_ENABLE_MODULES = YES;
				CLANG_ENABLE_OBJC_ARC = YES;
				CLANG_WARN_BOOL_CONVERSION = YES;
				CLANG_WARN_CONSTANT_CONVERSION = YES;
				CLANG_WARN_DIRECT_OBJC_ISA_USAGE = YES_ERROR;
				CLANG_WARN_EMPTY_BODY = YES;
				CLANG_WARN_ENUM_CONVERSION = YES;
				CLANG_WARN_INT_CONVERSION = YES;
				CLANG_WARN_OBJC_ROOT_CLASS = YES_ERROR;
				CLANG_WARN_UNREACHABLE_CODE = YES;
				CLANG_WARN__DUPLICATE_METHOD_MATCH = YES;
				"CODE_SIGN_IDENTITY[sdk=iphoneos*]" = "iPhone Developer";
				COPY_PHASE_STRIP = YES;
				ENABLE_NS_ASSERTIONS = NO;
				ENABLE_STRICT_OBJC_MSGSEND = YES;
				GCC_C_LANGUAGE_STANDARD = gnu99;
				GCC_WARN_64_TO_32_BIT_CONVERSION = YES;
				GCC_WARN_ABOUT_RETURN_TYPE = YES_ERROR;
				GCC_WARN_UNDECLARED_SELECTOR = YES;
				GCC_WARN_UNINITIALIZED_AUTOS = YES_AGGRESSIVE;
				GCC_WARN_UNUSED_FUNCTION = YES;
				GCC_WARN_UNUSED_VARIABLE = YES;
				IPHONEOS_DEPLOYMENT_TARGET = 8.1;
				MTL_ENABLE_DEBUG_INFO = NO;
				SDKROOT = iphoneos;
				TARGETED_DEVICE_FAMILY = "1,2";
				VALIDATE_PRODUCT = YES;
			};
			name = Release;
		};
		E7F055BD1A76A4C100459D21 /* Debug */ = {
			isa = XCBuildConfiguration;
			buildSettings = {
				ASSETCATALOG_COMPILER_APPICON_NAME = AppIcon;
				CODE_SIGN_IDENTITY = "iPhone Developer";
				"CODE_SIGN_IDENTITY[sdk=iphoneos*]" = "iPhone Developer";
				EMBEDDED_CONTENT_CONTAINS_SWIFT = YES;
				INFOPLIST_FILE = QuestForJoy/Info.plist;
				IPHONEOS_DEPLOYMENT_TARGET = 8.0;
				LD_RUNPATH_SEARCH_PATHS = "$(inherited) @executable_path/Frameworks";
				PRODUCT_NAME = "$(TARGET_NAME)";
				PROVISIONING_PROFILE = "";
			};
			name = Debug;
		};
		E7F055BE1A76A4C100459D21 /* Release */ = {
			isa = XCBuildConfiguration;
			buildSettings = {
				ASSETCATALOG_COMPILER_APPICON_NAME = AppIcon;
				CODE_SIGN_IDENTITY = "iPhone Developer";
				"CODE_SIGN_IDENTITY[sdk=iphoneos*]" = "iPhone Developer";
				EMBEDDED_CONTENT_CONTAINS_SWIFT = YES;
				INFOPLIST_FILE = QuestForJoy/Info.plist;
				IPHONEOS_DEPLOYMENT_TARGET = 8.0;
				LD_RUNPATH_SEARCH_PATHS = "$(inherited) @executable_path/Frameworks";
				PRODUCT_NAME = "$(TARGET_NAME)";
				PROVISIONING_PROFILE = "";
			};
			name = Release;
		};
		E7F055C01A76A4C100459D21 /* Debug */ = {
			isa = XCBuildConfiguration;
			buildSettings = {
				BUNDLE_LOADER = "$(TEST_HOST)";
				FRAMEWORK_SEARCH_PATHS = (
					"$(SDKROOT)/Developer/Library/Frameworks",
					"$(inherited)",
				);
				GCC_PREPROCESSOR_DEFINITIONS = (
					"DEBUG=1",
					"$(inherited)",
				);
				INFOPLIST_FILE = QuestForJoyTests/Info.plist;
				LD_RUNPATH_SEARCH_PATHS = "$(inherited) @executable_path/Frameworks @loader_path/Frameworks";
				PRODUCT_NAME = "$(TARGET_NAME)";
				TEST_HOST = "$(BUILT_PRODUCTS_DIR)/QuestForJoy.app/QuestForJoy";
			};
			name = Debug;
		};
		E7F055C11A76A4C100459D21 /* Release */ = {
			isa = XCBuildConfiguration;
			buildSettings = {
				BUNDLE_LOADER = "$(TEST_HOST)";
				FRAMEWORK_SEARCH_PATHS = (
					"$(SDKROOT)/Developer/Library/Frameworks",
					"$(inherited)",
				);
				INFOPLIST_FILE = QuestForJoyTests/Info.plist;
				LD_RUNPATH_SEARCH_PATHS = "$(inherited) @executable_path/Frameworks @loader_path/Frameworks";
				PRODUCT_NAME = "$(TARGET_NAME)";
				TEST_HOST = "$(BUILT_PRODUCTS_DIR)/QuestForJoy.app/QuestForJoy";
			};
			name = Release;
		};
/* End XCBuildConfiguration section */

/* Begin XCConfigurationList section */
		E7F055981A76A4C100459D21 /* Build configuration list for PBXProject "QuestForJoy" */ = {
			isa = XCConfigurationList;
			buildConfigurations = (
				E7F055BA1A76A4C100459D21 /* Debug */,
				E7F055BB1A76A4C100459D21 /* Release */,
			);
			defaultConfigurationIsVisible = 0;
			defaultConfigurationName = Release;
		};
		E7F055BC1A76A4C100459D21 /* Build configuration list for PBXNativeTarget "QuestForJoy" */ = {
			isa = XCConfigurationList;
			buildConfigurations = (
				E7F055BD1A76A4C100459D21 /* Debug */,
				E7F055BE1A76A4C100459D21 /* Release */,
			);
			defaultConfigurationIsVisible = 0;
			defaultConfigurationName = Release;
		};
		E7F055BF1A76A4C100459D21 /* Build configuration list for PBXNativeTarget "QuestForJoyTests" */ = {
			isa = XCConfigurationList;
			buildConfigurations = (
				E7F055C01A76A4C100459D21 /* Debug */,
				E7F055C11A76A4C100459D21 /* Release */,
			);
			defaultConfigurationIsVisible = 0;
			defaultConfigurationName = Release;
		};
/* End XCConfigurationList section */
	};
	rootObject = E7F055951A76A4C100459D21 /* Project object */;
}
